github.com/blang/mpv v0.0.0-20160810175505-d56d7352e068 h1:P3ukpA1t7dgNIfe21LpB+zIBDQ1Dik9K1DMPdO/TcUA=
github.com/blang/mpv v0.0.0-20160810175505-d56d7352e068/go.mod h1:E3TTEJpVApQMkhVk3Lr0sAmcbcclY3pGgPbRsy+rdlk=
github.com/urfave/cli v1.20.0 h1:fDqGv3UG/4jbVl/QkFwEdddtEDjh/5Ov6X+0B/3bPaw=
github.com/urfave/cli v1.20.0/go.mod h1:70zkFmudgCuE/ngEzBv17Jvp/497gISqfk5gWijbERA=
golang.org/x/xerrors v0.0.0-20190410155217-1f06c39b4373 h1:PPwnA7z1Pjf7XYaBP9GL1VAMZmcIWyFz7QCMSIIa3Bg=
golang.org/x/xerrors v0.0.0-20190410155217-1f06c39b4373/go.mod h1:I/5z698sn9Ka8TeJc9MKroUUfqBBauWjQqLJ2OPfmY0=
