memo = "699eb4977275970b18eb229da694f2fd121e443b1934981840e9c8db0d9ac398"

[[projects]]
  name = "github.com/blang/mpv"
  packages = ["."]
  revision = "d56d7352e068d55e76d5558eb07231bd97ebfaa8"

[[projects]]
  branch = "v2"
  name = "github.com/urfave/cli"
  packages = ["."]
  revision = "61c3eb6ba1da1df17cd50f1456a9252d92bf5edd"
